// !$*UTF8*$!
{
	archiveVersion = 1;
	classes = {
	};
	objectVersion = 51;
	objects = {

/* Begin PBXBuildFile section */
		37A0468C235008870013C5B7 /* AppDelegate.swift in Sources */ = {isa = PBXBuildFile; fileRef = 37A0468B235008870013C5B7 /* AppDelegate.swift */; };
		37A0468E235008870013C5B7 /* SceneDelegate.swift in Sources */ = {isa = PBXBuildFile; fileRef = 37A0468D235008870013C5B7 /* SceneDelegate.swift */; };
		37A04693235008870013C5B7 /* Main.storyboard in Resources */ = {isa = PBXBuildFile; fileRef = 37A04691235008870013C5B7 /* Main.storyboard */; };
		37A046952350088C0013C5B7 /* Assets.xcassets in Resources */ = {isa = PBXBuildFile; fileRef = 37A046942350088C0013C5B7 /* Assets.xcassets */; };
		37A046982350088C0013C5B7 /* LaunchScreen.storyboard in Resources */ = {isa = PBXBuildFile; fileRef = 37A046962350088C0013C5B7 /* LaunchScreen.storyboard */; };
		37A046A3235013100013C5B7 /* EntriesTableViewController.swift in Sources */ = {isa = PBXBuildFile; fileRef = 37A046A2235013100013C5B7 /* EntriesTableViewController.swift */; };
		37D5886F235123CA00849376 /* GoogleService-Info.plist in Resources */ = {isa = PBXBuildFile; fileRef = 37D5886E235123CA00849376 /* GoogleService-Info.plist */; };
		37D5887123512E2F00849376 /* EntryRepresentation.swift in Sources */ = {isa = PBXBuildFile; fileRef = 37D5887023512E2F00849376 /* EntryRepresentation.swift */; };
		37E25663235015BC00159D1B /* EntryTableViewCell.swift in Sources */ = {isa = PBXBuildFile; fileRef = 37E25662235015BC00159D1B /* EntryTableViewCell.swift */; };
		37E25665235017C300159D1B /* EntryDetailViewController.swift in Sources */ = {isa = PBXBuildFile; fileRef = 37E25664235017C300159D1B /* EntryDetailViewController.swift */; };
		37E25668235019A300159D1B /* Entry.xcdatamodeld in Sources */ = {isa = PBXBuildFile; fileRef = 37E25666235019A300159D1B /* Entry.xcdatamodeld */; };
		37E2566A23501A3E00159D1B /* Entry+Convenience.swift in Sources */ = {isa = PBXBuildFile; fileRef = 37E2566923501A3E00159D1B /* Entry+Convenience.swift */; };
		37E2566D23501EA900159D1B /* EntryController.swift in Sources */ = {isa = PBXBuildFile; fileRef = 37E2566C23501EA900159D1B /* EntryController.swift */; };
		37E2566F23501EFB00159D1B /* CoreDataStack.swift in Sources */ = {isa = PBXBuildFile; fileRef = 37E2566E23501EFB00159D1B /* CoreDataStack.swift */; };
		FE4BB857289665ED1CD3AF68 /* Pods_Journal.framework in Frameworks */ = {isa = PBXBuildFile; fileRef = 9865C29BF0894A57F7623E7B /* Pods_Journal.framework */; };
/* End PBXBuildFile section */

/* Begin PBXFileReference section */
		37A04688235008870013C5B7 /* Journal.app */ = {isa = PBXFileReference; explicitFileType = wrapper.application; includeInIndex = 0; path = Journal.app; sourceTree = BUILT_PRODUCTS_DIR; };
		37A0468B235008870013C5B7 /* AppDelegate.swift */ = {isa = PBXFileReference; lastKnownFileType = sourcecode.swift; path = AppDelegate.swift; sourceTree = "<group>"; };
		37A0468D235008870013C5B7 /* SceneDelegate.swift */ = {isa = PBXFileReference; lastKnownFileType = sourcecode.swift; path = SceneDelegate.swift; sourceTree = "<group>"; };
		37A04692235008870013C5B7 /* Base */ = {isa = PBXFileReference; lastKnownFileType = file.storyboard; name = Base; path = Base.lproj/Main.storyboard; sourceTree = "<group>"; };
		37A046942350088C0013C5B7 /* Assets.xcassets */ = {isa = PBXFileReference; lastKnownFileType = folder.assetcatalog; path = Assets.xcassets; sourceTree = "<group>"; };
		37A046972350088C0013C5B7 /* Base */ = {isa = PBXFileReference; lastKnownFileType = file.storyboard; name = Base; path = Base.lproj/LaunchScreen.storyboard; sourceTree = "<group>"; };
		37A046992350088C0013C5B7 /* Info.plist */ = {isa = PBXFileReference; lastKnownFileType = text.plist.xml; path = Info.plist; sourceTree = "<group>"; };
		37A046A2235013100013C5B7 /* EntriesTableViewController.swift */ = {isa = PBXFileReference; lastKnownFileType = sourcecode.swift; path = EntriesTableViewController.swift; sourceTree = "<group>"; };
		37D588692350E50E00849376 /* Entry 2.xcdatamodel */ = {isa = PBXFileReference; lastKnownFileType = wrapper.xcdatamodel; path = "Entry 2.xcdatamodel"; sourceTree = "<group>"; };
		37D5886E235123CA00849376 /* GoogleService-Info.plist */ = {isa = PBXFileReference; fileEncoding = 4; lastKnownFileType = text.plist.xml; name = "GoogleService-Info.plist"; path = "../../../../../GooglePlist/GoogleService-Info.plist"; sourceTree = "<group>"; };
		37D5887023512E2F00849376 /* EntryRepresentation.swift */ = {isa = PBXFileReference; lastKnownFileType = sourcecode.swift; path = EntryRepresentation.swift; sourceTree = "<group>"; };
		37E25662235015BC00159D1B /* EntryTableViewCell.swift */ = {isa = PBXFileReference; lastKnownFileType = sourcecode.swift; path = EntryTableViewCell.swift; sourceTree = "<group>"; };
		37E25664235017C300159D1B /* EntryDetailViewController.swift */ = {isa = PBXFileReference; lastKnownFileType = sourcecode.swift; path = EntryDetailViewController.swift; sourceTree = "<group>"; };
		37E25667235019A300159D1B /* Entry.xcdatamodel */ = {isa = PBXFileReference; lastKnownFileType = wrapper.xcdatamodel; path = Entry.xcdatamodel; sourceTree = "<group>"; };
		37E2566923501A3E00159D1B /* Entry+Convenience.swift */ = {isa = PBXFileReference; lastKnownFileType = sourcecode.swift; path = "Entry+Convenience.swift"; sourceTree = "<group>"; };
		37E2566C23501EA900159D1B /* EntryController.swift */ = {isa = PBXFileReference; lastKnownFileType = sourcecode.swift; path = EntryController.swift; sourceTree = "<group>"; };
		37E2566E23501EFB00159D1B /* CoreDataStack.swift */ = {isa = PBXFileReference; lastKnownFileType = sourcecode.swift; path = CoreDataStack.swift; sourceTree = "<group>"; };
		93DBDF3A0606273573AB19A5 /* Pods-Journal.release.xcconfig */ = {isa = PBXFileReference; includeInIndex = 1; lastKnownFileType = text.xcconfig; name = "Pods-Journal.release.xcconfig"; path = "Target Support Files/Pods-Journal/Pods-Journal.release.xcconfig"; sourceTree = "<group>"; };
		9865C29BF0894A57F7623E7B /* Pods_Journal.framework */ = {isa = PBXFileReference; explicitFileType = wrapper.framework; includeInIndex = 0; path = Pods_Journal.framework; sourceTree = BUILT_PRODUCTS_DIR; };
		E22F5F19C99A65B894FED516 /* Pods-Journal.debug.xcconfig */ = {isa = PBXFileReference; includeInIndex = 1; lastKnownFileType = text.xcconfig; name = "Pods-Journal.debug.xcconfig"; path = "Target Support Files/Pods-Journal/Pods-Journal.debug.xcconfig"; sourceTree = "<group>"; };
/* End PBXFileReference section */

/* Begin PBXFrameworksBuildPhase section */
		37A04685235008870013C5B7 /* Frameworks */ = {
			isa = PBXFrameworksBuildPhase;
			buildActionMask = 2147483647;
			files = (
				FE4BB857289665ED1CD3AF68 /* Pods_Journal.framework in Frameworks */,
			);
			runOnlyForDeploymentPostprocessing = 0;
		};
/* End PBXFrameworksBuildPhase section */

/* Begin PBXGroup section */
		25053548C52A90B38C1FE09D /* Pods */ = {
			isa = PBXGroup;
			children = (
				E22F5F19C99A65B894FED516 /* Pods-Journal.debug.xcconfig */,
				93DBDF3A0606273573AB19A5 /* Pods-Journal.release.xcconfig */,
			);
			path = Pods;
			sourceTree = "<group>";
		};
		37A0467F235008870013C5B7 = {
			isa = PBXGroup;
			children = (
				37A0468A235008870013C5B7 /* Journal */,
				37A04689235008870013C5B7 /* Products */,
				25053548C52A90B38C1FE09D /* Pods */,
				42FD775F22F54DED87EE929A /* Frameworks */,
			);
			sourceTree = "<group>";
		};
		37A04689235008870013C5B7 /* Products */ = {
			isa = PBXGroup;
			children = (
				37A04688235008870013C5B7 /* Journal.app */,
			);
			name = Products;
			sourceTree = "<group>";
		};
		37A0468A235008870013C5B7 /* Journal */ = {
			isa = PBXGroup;
			children = (
				37E2566B23501E5C00159D1B /* Model Controllers */,
				37A046A1235011E30013C5B7 /* Models */,
				37E25661235015A300159D1B /* Views */,
				37A046A0235011E00013C5B7 /* View Controllers */,
				37A0469F235011DD0013C5B7 /* Storyboards */,
				37A0468B235008870013C5B7 /* AppDelegate.swift */,
				37A0468D235008870013C5B7 /* SceneDelegate.swift */,
				37A046942350088C0013C5B7 /* Assets.xcassets */,
				37A046992350088C0013C5B7 /* Info.plist */,
				37D5886E235123CA00849376 /* GoogleService-Info.plist */,
			);
			path = Journal;
			sourceTree = "<group>";
		};
		37A0469F235011DD0013C5B7 /* Storyboards */ = {
			isa = PBXGroup;
			children = (
				37A04691235008870013C5B7 /* Main.storyboard */,
				37A046962350088C0013C5B7 /* LaunchScreen.storyboard */,
			);
			path = Storyboards;
			sourceTree = "<group>";
		};
		37A046A0235011E00013C5B7 /* View Controllers */ = {
			isa = PBXGroup;
			children = (
				37A046A2235013100013C5B7 /* EntriesTableViewController.swift */,
				37E25664235017C300159D1B /* EntryDetailViewController.swift */,
			);
			path = "View Controllers";
			sourceTree = "<group>";
		};
		37A046A1235011E30013C5B7 /* Models */ = {
			isa = PBXGroup;
			children = (
				37E25666235019A300159D1B /* Entry.xcdatamodeld */,
				37E2566E23501EFB00159D1B /* CoreDataStack.swift */,
				37E2566923501A3E00159D1B /* Entry+Convenience.swift */,
				37D5887023512E2F00849376 /* EntryRepresentation.swift */,
			);
			path = Models;
			sourceTree = "<group>";
		};
		37E25661235015A300159D1B /* Views */ = {
			isa = PBXGroup;
			children = (
				37E25662235015BC00159D1B /* EntryTableViewCell.swift */,
			);
			path = Views;
			sourceTree = "<group>";
		};
		37E2566B23501E5C00159D1B /* Model Controllers */ = {
			isa = PBXGroup;
			children = (
				37E2566C23501EA900159D1B /* EntryController.swift */,
			);
			path = "Model Controllers";
			sourceTree = "<group>";
		};
		42FD775F22F54DED87EE929A /* Frameworks */ = {
			isa = PBXGroup;
			children = (
				9865C29BF0894A57F7623E7B /* Pods_Journal.framework */,
			);
			name = Frameworks;
			sourceTree = "<group>";
		};
/* End PBXGroup section */

/* Begin PBXNativeTarget section */
		37A04687235008870013C5B7 /* Journal */ = {
			isa = PBXNativeTarget;
			buildConfigurationList = 37A0469C2350088C0013C5B7 /* Build configuration list for PBXNativeTarget "Journal" */;
			buildPhases = (
				9F953B0C335221B41D476DA7 /* [CP] Check Pods Manifest.lock */,
				37A04684235008870013C5B7 /* Sources */,
				37A04685235008870013C5B7 /* Frameworks */,
				37A04686235008870013C5B7 /* Resources */,
				CC9EE0682E0049895B20813A /* [CP] Embed Pods Frameworks */,
			);
			buildRules = (
			);
			dependencies = (
			);
			name = Journal;
			productName = Journal;
			productReference = 37A04688235008870013C5B7 /* Journal.app */;
			productType = "com.apple.product-type.application";
		};
/* End PBXNativeTarget section */

/* Begin PBXProject section */
		37A04680235008870013C5B7 /* Project object */ = {
			isa = PBXProject;
			attributes = {
				LastSwiftUpdateCheck = 1100;
				LastUpgradeCheck = 1100;
				ORGANIZATIONNAME = "Bobby Keffury";
				TargetAttributes = {
					37A04687235008870013C5B7 = {
						CreatedOnToolsVersion = 11.0;
					};
				};
			};
			buildConfigurationList = 37A04683235008870013C5B7 /* Build configuration list for PBXProject "Journal" */;
			compatibilityVersion = "Xcode 9.3";
			developmentRegion = en;
			hasScannedForEncodings = 0;
			knownRegions = (
				en,
				Base,
			);
			mainGroup = 37A0467F235008870013C5B7;
			productRefGroup = 37A04689235008870013C5B7 /* Products */;
			projectDirPath = "";
			projectRoot = "";
			targets = (
				37A04687235008870013C5B7 /* Journal */,
			);
		};
/* End PBXProject section */

/* Begin PBXResourcesBuildPhase section */
		37A04686235008870013C5B7 /* Resources */ = {
			isa = PBXResourcesBuildPhase;
			buildActionMask = 2147483647;
			files = (
				37A046982350088C0013C5B7 /* LaunchScreen.storyboard in Resources */,
				37D5886F235123CA00849376 /* GoogleService-Info.plist in Resources */,
				37A046952350088C0013C5B7 /* Assets.xcassets in Resources */,
				37A04693235008870013C5B7 /* Main.storyboard in Resources */,
			);
			runOnlyForDeploymentPostprocessing = 0;
		};
/* End PBXResourcesBuildPhase section */

/* Begin PBXShellScriptBuildPhase section */
		9F953B0C335221B41D476DA7 /* [CP] Check Pods Manifest.lock */ = {
			isa = PBXShellScriptBuildPhase;
			buildActionMask = 2147483647;
			files = (
			);
			inputFileListPaths = (
			);
			inputPaths = (
				"${PODS_PODFILE_DIR_PATH}/Podfile.lock",
				"${PODS_ROOT}/Manifest.lock",
			);
			name = "[CP] Check Pods Manifest.lock";
			outputFileListPaths = (
			);
			outputPaths = (
				"$(DERIVED_FILE_DIR)/Pods-Journal-checkManifestLockResult.txt",
			);
			runOnlyForDeploymentPostprocessing = 0;
			shellPath = /bin/sh;
			shellScript = "diff \"${PODS_PODFILE_DIR_PATH}/Podfile.lock\" \"${PODS_ROOT}/Manifest.lock\" > /dev/null\nif [ $? != 0 ] ; then\n    # print error to STDERR\n    echo \"error: The sandbox is not in sync with the Podfile.lock. Run 'pod install' or update your CocoaPods installation.\" >&2\n    exit 1\nfi\n# This output is used by Xcode 'outputs' to avoid re-running this script phase.\necho \"SUCCESS\" > \"${SCRIPT_OUTPUT_FILE_0}\"\n";
			showEnvVarsInLog = 0;
		};
		CC9EE0682E0049895B20813A /* [CP] Embed Pods Frameworks */ = {
			isa = PBXShellScriptBuildPhase;
			buildActionMask = 2147483647;
			files = (
			);
			inputFileListPaths = (
				"${PODS_ROOT}/Target Support Files/Pods-Journal/Pods-Journal-frameworks-${CONFIGURATION}-input-files.xcfilelist",
			);
			name = "[CP] Embed Pods Frameworks";
			outputFileListPaths = (
				"${PODS_ROOT}/Target Support Files/Pods-Journal/Pods-Journal-frameworks-${CONFIGURATION}-output-files.xcfilelist",
			);
			runOnlyForDeploymentPostprocessing = 0;
			shellPath = /bin/sh;
			shellScript = "\"${PODS_ROOT}/Target Support Files/Pods-Journal/Pods-Journal-frameworks.sh\"\n";
			showEnvVarsInLog = 0;
		};
/* End PBXShellScriptBuildPhase section */

/* Begin PBXSourcesBuildPhase section */
		37A04684235008870013C5B7 /* Sources */ = {
			isa = PBXSourcesBuildPhase;
			buildActionMask = 2147483647;
			files = (
				37E25668235019A300159D1B /* Entry.xcdatamodeld in Sources */,
				37D5887123512E2F00849376 /* EntryRepresentation.swift in Sources */,
				37E25663235015BC00159D1B /* EntryTableViewCell.swift in Sources */,
				37A046A3235013100013C5B7 /* EntriesTableViewController.swift in Sources */,
				37E2566F23501EFB00159D1B /* CoreDataStack.swift in Sources */,
				37A0468C235008870013C5B7 /* AppDelegate.swift in Sources */,
				37E25665235017C300159D1B /* EntryDetailViewController.swift in Sources */,
				37A0468E235008870013C5B7 /* SceneDelegate.swift in Sources */,
				37E2566D23501EA900159D1B /* EntryController.swift in Sources */,
				37E2566A23501A3E00159D1B /* Entry+Convenience.swift in Sources */,
			);
			runOnlyForDeploymentPostprocessing = 0;
		};
/* End PBXSourcesBuildPhase section */

/* Begin PBXVariantGroup section */
		37A04691235008870013C5B7 /* Main.storyboard */ = {
			isa = PBXVariantGroup;
			children = (
				37A04692235008870013C5B7 /* Base */,
			);
			name = Main.storyboard;
			sourceTree = "<group>";
		};
		37A046962350088C0013C5B7 /* LaunchScreen.storyboard */ = {
			isa = PBXVariantGroup;
			children = (
				37A046972350088C0013C5B7 /* Base */,
			);
			name = LaunchScreen.storyboard;
			sourceTree = "<group>";
		};
/* End PBXVariantGroup section */

/* Begin XCBuildConfiguration section */
		37A0469A2350088C0013C5B7 /* Debug */ = {
			isa = XCBuildConfiguration;
			buildSettings = {
				ALWAYS_SEARCH_USER_PATHS = NO;
				CLANG_ANALYZER_NONNULL = YES;
				CLANG_ANALYZER_NUMBER_OBJECT_CONVERSION = YES_AGGRESSIVE;
				CLANG_CXX_LANGUAGE_STANDARD = "gnu++14";
				CLANG_CXX_LIBRARY = "libc++";
				CLANG_ENABLE_MODULES = YES;
				CLANG_ENABLE_OBJC_ARC = YES;
				CLANG_ENABLE_OBJC_WEAK = YES;
				CLANG_WARN_BLOCK_CAPTURE_AUTORELEASING = YES;
				CLANG_WARN_BOOL_CONVERSION = YES;
				CLANG_WARN_COMMA = YES;
				CLANG_WARN_CONSTANT_CONVERSION = YES;
				CLANG_WARN_DEPRECATED_OBJC_IMPLEMENTATIONS = YES;
				CLANG_WARN_DIRECT_OBJC_ISA_USAGE = YES_ERROR;
				CLANG_WARN_DOCUMENTATION_COMMENTS = YES;
				CLANG_WARN_EMPTY_BODY = YES;
				CLANG_WARN_ENUM_CONVERSION = YES;
				CLANG_WARN_INFINITE_RECURSION = YES;
				CLANG_WARN_INT_CONVERSION = YES;
				CLANG_WARN_NON_LITERAL_NULL_CONVERSION = YES;
				CLANG_WARN_OBJC_IMPLICIT_RETAIN_SELF = YES;
				CLANG_WARN_OBJC_LITERAL_CONVERSION = YES;
				CLANG_WARN_OBJC_ROOT_CLASS = YES_ERROR;
				CLANG_WARN_RANGE_LOOP_ANALYSIS = YES;
				CLANG_WARN_STRICT_PROTOTYPES = YES;
				CLANG_WARN_SUSPICIOUS_MOVE = YES;
				CLANG_WARN_UNGUARDED_AVAILABILITY = YES_AGGRESSIVE;
				CLANG_WARN_UNREACHABLE_CODE = YES;
				CLANG_WARN__DUPLICATE_METHOD_MATCH = YES;
				COPY_PHASE_STRIP = NO;
				DEBUG_INFORMATION_FORMAT = dwarf;
				ENABLE_STRICT_OBJC_MSGSEND = YES;
				ENABLE_TESTABILITY = YES;
				GCC_C_LANGUAGE_STANDARD = gnu11;
				GCC_DYNAMIC_NO_PIC = NO;
				GCC_NO_COMMON_BLOCKS = YES;
				GCC_OPTIMIZATION_LEVEL = 0;
				GCC_PREPROCESSOR_DEFINITIONS = (
					"DEBUG=1",
					"$(inherited)",
				);
				GCC_WARN_64_TO_32_BIT_CONVERSION = YES;
				GCC_WARN_ABOUT_RETURN_TYPE = YES_ERROR;
				GCC_WARN_UNDECLARED_SELECTOR = YES;
				GCC_WARN_UNINITIALIZED_AUTOS = YES_AGGRESSIVE;
				GCC_WARN_UNUSED_FUNCTION = YES;
				GCC_WARN_UNUSED_VARIABLE = YES;
				IPHONEOS_DEPLOYMENT_TARGET = 13.0;
				MTL_ENABLE_DEBUG_INFO = INCLUDE_SOURCE;
				MTL_FAST_MATH = YES;
				ONLY_ACTIVE_ARCH = YES;
				SDKROOT = iphoneos;
				SWIFT_ACTIVE_COMPILATION_CONDITIONS = DEBUG;
				SWIFT_OPTIMIZATION_LEVEL = "-Onone";
			};
			name = Debug;
		};
		37A0469B2350088C0013C5B7 /* Release */ = {
			isa = XCBuildConfiguration;
			buildSettings = {
				ALWAYS_SEARCH_USER_PATHS = NO;
				CLANG_ANALYZER_NONNULL = YES;
				CLANG_ANALYZER_NUMBER_OBJECT_CONVERSION = YES_AGGRESSIVE;
				CLANG_CXX_LANGUAGE_STANDARD = "gnu++14";
				CLANG_CXX_LIBRARY = "libc++";
				CLANG_ENABLE_MODULES = YES;
				CLANG_ENABLE_OBJC_ARC = YES;
				CLANG_ENABLE_OBJC_WEAK = YES;
				CLANG_WARN_BLOCK_CAPTURE_AUTORELEASING = YES;
				CLANG_WARN_BOOL_CONVERSION = YES;
				CLANG_WARN_COMMA = YES;
				CLANG_WARN_CONSTANT_CONVERSION = YES;
				CLANG_WARN_DEPRECATED_OBJC_IMPLEMENTATIONS = YES;
				CLANG_WARN_DIRECT_OBJC_ISA_USAGE = YES_ERROR;
				CLANG_WARN_DOCUMENTATION_COMMENTS = YES;
				CLANG_WARN_EMPTY_BODY = YES;
				CLANG_WARN_ENUM_CONVERSION = YES;
				CLANG_WARN_INFINITE_RECURSION = YES;
				CLANG_WARN_INT_CONVERSION = YES;
				CLANG_WARN_NON_LITERAL_NULL_CONVERSION = YES;
				CLANG_WARN_OBJC_IMPLICIT_RETAIN_SELF = YES;
				CLANG_WARN_OBJC_LITERAL_CONVERSION = YES;
				CLANG_WARN_OBJC_ROOT_CLASS = YES_ERROR;
				CLANG_WARN_RANGE_LOOP_ANALYSIS = YES;
				CLANG_WARN_STRICT_PROTOTYPES = YES;
				CLANG_WARN_SUSPICIOUS_MOVE = YES;
				CLANG_WARN_UNGUARDED_AVAILABILITY = YES_AGGRESSIVE;
				CLANG_WARN_UNREACHABLE_CODE = YES;
				CLANG_WARN__DUPLICATE_METHOD_MATCH = YES;
				COPY_PHASE_STRIP = NO;
				DEBUG_INFORMATION_FORMAT = "dwarf-with-dsym";
				ENABLE_NS_ASSERTIONS = NO;
				ENABLE_STRICT_OBJC_MSGSEND = YES;
				GCC_C_LANGUAGE_STANDARD = gnu11;
				GCC_NO_COMMON_BLOCKS = YES;
				GCC_WARN_64_TO_32_BIT_CONVERSION = YES;
				GCC_WARN_ABOUT_RETURN_TYPE = YES_ERROR;
				GCC_WARN_UNDECLARED_SELECTOR = YES;
				GCC_WARN_UNINITIALIZED_AUTOS = YES_AGGRESSIVE;
				GCC_WARN_UNUSED_FUNCTION = YES;
				GCC_WARN_UNUSED_VARIABLE = YES;
				IPHONEOS_DEPLOYMENT_TARGET = 13.0;
				MTL_ENABLE_DEBUG_INFO = NO;
				MTL_FAST_MATH = YES;
				SDKROOT = iphoneos;
				SWIFT_COMPILATION_MODE = wholemodule;
				SWIFT_OPTIMIZATION_LEVEL = "-O";
				VALIDATE_PRODUCT = YES;
			};
			name = Release;
		};
		37A0469D2350088C0013C5B7 /* Debug */ = {
			isa = XCBuildConfiguration;
			baseConfigurationReference = E22F5F19C99A65B894FED516 /* Pods-Journal.debug.xcconfig */;
			buildSettings = {
				ASSETCATALOG_COMPILER_APPICON_NAME = AppIcon;
				CODE_SIGN_STYLE = Automatic;
				INFOPLIST_FILE = Journal/Info.plist;
				LD_RUNPATH_SEARCH_PATHS = (
					"$(inherited)",
					"@executable_path/Frameworks",
				);
				PRODUCT_BUNDLE_IDENTIFIER = com.BobbyKeffury.Journal;
				PRODUCT_NAME = "$(TARGET_NAME)";
				SWIFT_VERSION = 5.0;
				TARGETED_DEVICE_FAMILY = "1,2";
			};
			name = Debug;
		};
		37A0469E2350088C0013C5B7 /* Release */ = {
			isa = XCBuildConfiguration;
			baseConfigurationReference = 93DBDF3A0606273573AB19A5 /* Pods-Journal.release.xcconfig */;
			buildSettings = {
				ASSETCATALOG_COMPILER_APPICON_NAME = AppIcon;
				CODE_SIGN_STYLE = Automatic;
				INFOPLIST_FILE = Journal/Info.plist;
				LD_RUNPATH_SEARCH_PATHS = (
					"$(inherited)",
					"@executable_path/Frameworks",
				);
				PRODUCT_BUNDLE_IDENTIFIER = com.BobbyKeffury.Journal;
				PRODUCT_NAME = "$(TARGET_NAME)";
				SWIFT_VERSION = 5.0;
				TARGETED_DEVICE_FAMILY = "1,2";
			};
			name = Release;
		};
/* End XCBuildConfiguration section */

/* Begin XCConfigurationList section */
		37A04683235008870013C5B7 /* Build configuration list for PBXProject "Journal" */ = {
			isa = XCConfigurationList;
			buildConfigurations = (
				37A0469A2350088C0013C5B7 /* Debug */,
				37A0469B2350088C0013C5B7 /* Release */,
			);
			defaultConfigurationIsVisible = 0;
			defaultConfigurationName = Release;
		};
		37A0469C2350088C0013C5B7 /* Build configuration list for PBXNativeTarget "Journal" */ = {
			isa = XCConfigurationList;
			buildConfigurations = (
				37A0469D2350088C0013C5B7 /* Debug */,
				37A0469E2350088C0013C5B7 /* Release */,
			);
			defaultConfigurationIsVisible = 0;
			defaultConfigurationName = Release;
		};
/* End XCConfigurationList section */

/* Begin XCVersionGroup section */
		37E25666235019A300159D1B /* Entry.xcdatamodeld */ = {
			isa = XCVersionGroup;
			children = (
				37D588692350E50E00849376 /* Entry 2.xcdatamodel */,
				37E25667235019A300159D1B /* Entry.xcdatamodel */,
			);
			currentVersion = 37D588692350E50E00849376 /* Entry 2.xcdatamodel */;
			path = Entry.xcdatamodeld;
			sourceTree = "<group>";
			versionGroupType = wrapper.xcdatamodel;
		};
/* End XCVersionGroup section */
	};
	rootObject = 37A04680235008870013C5B7 /* Project object */;
}
